
Microsoft Visual Studio Solution File, Format Version 12.00
# Visual Studio Version 17
VisualStudioVersion = 17.0.31903.59
MinimumVisualStudioVersion = 10.0.40219.1
Project("{2150E333-8FDC-42A3-9474-1A3956D46DE8}") = "src", "src", "{B8CBA98C-DE43-4FB4-AC55-43902701518B}"
EndProject
Project("{FAE04EC0-301F-11D3-BF4B-00C04F79EFBC}") = "Chirp.core", "src\Chirp.core\Chirp.core.csproj", "{8DE0B480-D744-4572-A0B9-B83A2E0B5278}"
EndProject
Project("{FAE04EC0-301F-11D3-BF4B-00C04F79EFBC}") = "Chirp.Infrastucture", "src\Chirp.Infrastucture\Chirp.Infrastucture.csproj", "{DF606C8D-C97F-49A1-8EA4-1AA3740BAD6E}"
EndProject
Project("{FAE04EC0-301F-11D3-BF4B-00C04F79EFBC}") = "Chirp.Web", "src\Chirp.Web\Chirp.Web.csproj", "{34105B91-CAA8-437D-9330-E5B8BF3B6F01}"
EndProject
Project("{2150E333-8FDC-42A3-9474-1A3956D46DE8}") = "test", "test", "{FA3C076B-4683-40B5-92A8-FA556D0FC98C}"
EndProject
Project("{FAE04EC0-301F-11D3-BF4B-00C04F79EFBC}") = "Chirp.Infrastucture.Tests", "test\Chirp.Infrastucture.Tests\Chirp.Infrastucture.Tests.csproj", "{CE6B06CF-F51C-492D-83D0-DA7D036B67C0}"
EndProject
Project("{FAE04EC0-301F-11D3-BF4B-00C04F79EFBC}") = "Chirp.Web.Tests", "test\Chirp.Web.Tests\Chirp.Web.Tests.csproj", "{3F0E2277-619A-481E-987B-74920DB8EC1F}"
EndProject
Global
	GlobalSection(SolutionConfigurationPlatforms) = preSolution
		Debug|Any CPU = Debug|Any CPU
		Release|Any CPU = Release|Any CPU
	EndGlobalSection
	GlobalSection(SolutionProperties) = preSolution
		HideSolutionNode = FALSE
	EndGlobalSection
	GlobalSection(ProjectConfigurationPlatforms) = postSolution
		{8DE0B480-D744-4572-A0B9-B83A2E0B5278}.Debug|Any CPU.ActiveCfg = Debug|Any CPU
		{8DE0B480-D744-4572-A0B9-B83A2E0B5278}.Debug|Any CPU.Build.0 = Debug|Any CPU
		{8DE0B480-D744-4572-A0B9-B83A2E0B5278}.Release|Any CPU.ActiveCfg = Release|Any CPU
		{8DE0B480-D744-4572-A0B9-B83A2E0B5278}.Release|Any CPU.Build.0 = Release|Any CPU
		{DF606C8D-C97F-49A1-8EA4-1AA3740BAD6E}.Debug|Any CPU.ActiveCfg = Debug|Any CPU
		{DF606C8D-C97F-49A1-8EA4-1AA3740BAD6E}.Debug|Any CPU.Build.0 = Debug|Any CPU
		{DF606C8D-C97F-49A1-8EA4-1AA3740BAD6E}.Release|Any CPU.ActiveCfg = Release|Any CPU
		{DF606C8D-C97F-49A1-8EA4-1AA3740BAD6E}.Release|Any CPU.Build.0 = Release|Any CPU
		{34105B91-CAA8-437D-9330-E5B8BF3B6F01}.Debug|Any CPU.ActiveCfg = Debug|Any CPU
		{34105B91-CAA8-437D-9330-E5B8BF3B6F01}.Debug|Any CPU.Build.0 = Debug|Any CPU
		{34105B91-CAA8-437D-9330-E5B8BF3B6F01}.Release|Any CPU.ActiveCfg = Release|Any CPU
		{34105B91-CAA8-437D-9330-E5B8BF3B6F01}.Release|Any CPU.Build.0 = Release|Any CPU
		{CE6B06CF-F51C-492D-83D0-DA7D036B67C0}.Debug|Any CPU.ActiveCfg = Debug|Any CPU
		{CE6B06CF-F51C-492D-83D0-DA7D036B67C0}.Debug|Any CPU.Build.0 = Debug|Any CPU
		{CE6B06CF-F51C-492D-83D0-DA7D036B67C0}.Release|Any CPU.ActiveCfg = Release|Any CPU
		{CE6B06CF-F51C-492D-83D0-DA7D036B67C0}.Release|Any CPU.Build.0 = Release|Any CPU
		{3F0E2277-619A-481E-987B-74920DB8EC1F}.Debug|Any CPU.ActiveCfg = Debug|Any CPU
		{3F0E2277-619A-481E-987B-74920DB8EC1F}.Debug|Any CPU.Build.0 = Debug|Any CPU
		{3F0E2277-619A-481E-987B-74920DB8EC1F}.Release|Any CPU.ActiveCfg = Release|Any CPU
		{3F0E2277-619A-481E-987B-74920DB8EC1F}.Release|Any CPU.Build.0 = Release|Any CPU
	EndGlobalSection
	GlobalSection(NestedProjects) = preSolution
		{8DE0B480-D744-4572-A0B9-B83A2E0B5278} = {B8CBA98C-DE43-4FB4-AC55-43902701518B}
		{DF606C8D-C97F-49A1-8EA4-1AA3740BAD6E} = {B8CBA98C-DE43-4FB4-AC55-43902701518B}
		{34105B91-CAA8-437D-9330-E5B8BF3B6F01} = {B8CBA98C-DE43-4FB4-AC55-43902701518B}
		{CE6B06CF-F51C-492D-83D0-DA7D036B67C0} = {FA3C076B-4683-40B5-92A8-FA556D0FC98C}
		{3F0E2277-619A-481E-987B-74920DB8EC1F} = {FA3C076B-4683-40B5-92A8-FA556D0FC98C}
	EndGlobalSection
EndGlobal
