
Microsoft Visual Studio Solution File, Format Version 12.00
# Visual Studio Version 17
VisualStudioVersion = 17.0.31903.59
MinimumVisualStudioVersion = 10.0.40219.1
Project("{2150E333-8FDC-42A3-9474-1A3956D46DE8}") = "src", "src", "{B8CBA98C-DE43-4FB4-AC55-43902701518B}"
EndProject
Project("{FAE04EC0-301F-11D3-BF4B-00C04F79EFBC}") = "SimpleDB", "src\SimpleDB\SimpleDB.csproj", "{CBCDF75C-857F-4008-8C78-44E7AB8DA7B2}"
EndProject
Project("{2150E333-8FDC-42A3-9474-1A3956D46DE8}") = "test", "test", "{816801B5-60FB-4FE6-9243-5D67315E1424}"
EndProject
Project("{FAE04EC0-301F-11D3-BF4B-00C04F79EFBC}") = "SimpleDB.Tests", "test\SimpleDB.Tests\SimpleDB.Tests.csproj", "{14676C68-FAA6-47A9-8A2D-CAB24B0D0A09}"
EndProject
Project("{FAE04EC0-301F-11D3-BF4B-00C04F79EFBC}") = "Chirp.CSVDBService", "src\Chirp.CSVDBService\Chirp.CSVDBService.csproj", "{77009EF4-95B7-4EA3-A4F6-EFC052377D2B}"
EndProject
Global
	GlobalSection(SolutionConfigurationPlatforms) = preSolution
		Debug|Any CPU = Debug|Any CPU
		Release|Any CPU = Release|Any CPU
	EndGlobalSection
	GlobalSection(SolutionProperties) = preSolution
		HideSolutionNode = FALSE
	EndGlobalSection
	GlobalSection(ProjectConfigurationPlatforms) = postSolution
		{CBCDF75C-857F-4008-8C78-44E7AB8DA7B2}.Debug|Any CPU.ActiveCfg = Debug|Any CPU
		{CBCDF75C-857F-4008-8C78-44E7AB8DA7B2}.Debug|Any CPU.Build.0 = Debug|Any CPU
		{CBCDF75C-857F-4008-8C78-44E7AB8DA7B2}.Release|Any CPU.ActiveCfg = Release|Any CPU
		{CBCDF75C-857F-4008-8C78-44E7AB8DA7B2}.Release|Any CPU.Build.0 = Release|Any CPU
		{14676C68-FAA6-47A9-8A2D-CAB24B0D0A09}.Debug|Any CPU.ActiveCfg = Debug|Any CPU
		{14676C68-FAA6-47A9-8A2D-CAB24B0D0A09}.Debug|Any CPU.Build.0 = Debug|Any CPU
		{14676C68-FAA6-47A9-8A2D-CAB24B0D0A09}.Release|Any CPU.ActiveCfg = Release|Any CPU
		{14676C68-FAA6-47A9-8A2D-CAB24B0D0A09}.Release|Any CPU.Build.0 = Release|Any CPU
		{77009EF4-95B7-4EA3-A4F6-EFC052377D2B}.Debug|Any CPU.ActiveCfg = Debug|Any CPU
		{77009EF4-95B7-4EA3-A4F6-EFC052377D2B}.Debug|Any CPU.Build.0 = Debug|Any CPU
		{77009EF4-95B7-4EA3-A4F6-EFC052377D2B}.Release|Any CPU.ActiveCfg = Release|Any CPU
		{77009EF4-95B7-4EA3-A4F6-EFC052377D2B}.Release|Any CPU.Build.0 = Release|Any CPU
	EndGlobalSection
	GlobalSection(NestedProjects) = preSolution
		{CBCDF75C-857F-4008-8C78-44E7AB8DA7B2} = {B8CBA98C-DE43-4FB4-AC55-43902701518B}
		{14676C68-FAA6-47A9-8A2D-CAB24B0D0A09} = {816801B5-60FB-4FE6-9243-5D67315E1424}
		{77009EF4-95B7-4EA3-A4F6-EFC052377D2B} = {B8CBA98C-DE43-4FB4-AC55-43902701518B}
	EndGlobalSection
EndGlobal
